// !$*UTF8*$!
{
	archiveVersion = 1;
	classes = {
	};
	objectVersion = 46;
	objects = {

/* Begin PBXBuildFile section */
		4F7D94B918EDCE7100EB850E /* MainStoryboard.storyboard in Resources */ = {isa = PBXBuildFile; fileRef = 4F7D94B818EDCE7100EB850E /* MainStoryboard.storyboard */; };
		4F7D94BC18EDD09C00EB850E /* RPRoomListTableViewController.m in Sources */ = {isa = PBXBuildFile; fileRef = 4F7D94BB18EDD09C00EB850E /* RPRoomListTableViewController.m */; };
		655620E518EDCB1A00479B20 /* Foundation.framework in Frameworks */ = {isa = PBXBuildFile; fileRef = 655620E418EDCB1A00479B20 /* Foundation.framework */; };
		655620E718EDCB1A00479B20 /* CoreGraphics.framework in Frameworks */ = {isa = PBXBuildFile; fileRef = 655620E618EDCB1A00479B20 /* CoreGraphics.framework */; };
		655620E918EDCB1A00479B20 /* UIKit.framework in Frameworks */ = {isa = PBXBuildFile; fileRef = 655620E818EDCB1A00479B20 /* UIKit.framework */; };
		655620EF18EDCB1A00479B20 /* InfoPlist.strings in Resources */ = {isa = PBXBuildFile; fileRef = 655620ED18EDCB1A00479B20 /* InfoPlist.strings */; };
		655620F118EDCB1A00479B20 /* main.m in Sources */ = {isa = PBXBuildFile; fileRef = 655620F018EDCB1A00479B20 /* main.m */; };
		655620F518EDCB1A00479B20 /* AppDelegate.m in Sources */ = {isa = PBXBuildFile; fileRef = 655620F418EDCB1A00479B20 /* AppDelegate.m */; };
		655620F718EDCB1A00479B20 /* Images.xcassets in Resources */ = {isa = PBXBuildFile; fileRef = 655620F618EDCB1A00479B20 /* Images.xcassets */; };
		655620FE18EDCB1A00479B20 /* XCTest.framework in Frameworks */ = {isa = PBXBuildFile; fileRef = 655620FD18EDCB1A00479B20 /* XCTest.framework */; };
		655620FF18EDCB1A00479B20 /* Foundation.framework in Frameworks */ = {isa = PBXBuildFile; fileRef = 655620E418EDCB1A00479B20 /* Foundation.framework */; };
		6556210018EDCB1A00479B20 /* UIKit.framework in Frameworks */ = {isa = PBXBuildFile; fileRef = 655620E818EDCB1A00479B20 /* UIKit.framework */; };
		6556210818EDCB1A00479B20 /* InfoPlist.strings in Resources */ = {isa = PBXBuildFile; fileRef = 6556210618EDCB1A00479B20 /* InfoPlist.strings */; };
		6556210A18EDCB1A00479B20 /* RoomPlanerTests.m in Sources */ = {isa = PBXBuildFile; fileRef = 6556210918EDCB1A00479B20 /* RoomPlanerTests.m */; };
		6556211418EDCCA400479B20 /* Parse.framework in Frameworks */ = {isa = PBXBuildFile; fileRef = 6556211318EDCCA400479B20 /* Parse.framework */; };
		6556211718EDCEFD00479B20 /* AudioToolbox.framework in Frameworks */ = {isa = PBXBuildFile; fileRef = 6556211618EDCEFD00479B20 /* AudioToolbox.framework */; };
		6556211918EDCF0D00479B20 /* CFNetwork.framework in Frameworks */ = {isa = PBXBuildFile; fileRef = 6556211818EDCF0D00479B20 /* CFNetwork.framework */; };
		6556211B18EDCF1D00479B20 /* CoreLocation.framework in Frameworks */ = {isa = PBXBuildFile; fileRef = 6556211A18EDCF1D00479B20 /* CoreLocation.framework */; };
		6556211D18EDCF2400479B20 /* libz.dylib in Frameworks */ = {isa = PBXBuildFile; fileRef = 6556211C18EDCF2400479B20 /* libz.dylib */; };
		6556211F18EDCF2C00479B20 /* MobileCoreServices.framework in Frameworks */ = {isa = PBXBuildFile; fileRef = 6556211E18EDCF2C00479B20 /* MobileCoreServices.framework */; };
		6556212118EDCF3200479B20 /* QuartzCore.framework in Frameworks */ = {isa = PBXBuildFile; fileRef = 6556212018EDCF3200479B20 /* QuartzCore.framework */; };
		6556212318EDCF3C00479B20 /* Security.framework in Frameworks */ = {isa = PBXBuildFile; fileRef = 6556212218EDCF3C00479B20 /* Security.framework */; };
		6556212518EDCF4100479B20 /* StoreKit.framework in Frameworks */ = {isa = PBXBuildFile; fileRef = 6556212418EDCF4100479B20 /* StoreKit.framework */; };
		6556212718EDCF4900479B20 /* SystemConfiguration.framework in Frameworks */ = {isa = PBXBuildFile; fileRef = 6556212618EDCF4900479B20 /* SystemConfiguration.framework */; };
		6556212A18EDD05100479B20 /* Room.m in Sources */ = {isa = PBXBuildFile; fileRef = 6556212918EDD05100479B20 /* Room.m */; };
		65DC0FE818EDD4D2007A0972 /* RPAddRoomTableViewController.m in Sources */ = {isa = PBXBuildFile; fileRef = 65DC0FE718EDD4D2007A0972 /* RPAddRoomTableViewController.m */; };
		FD3DDAEB18EDD101004447E9 /* BeaconManager.m in Sources */ = {isa = PBXBuildFile; fileRef = FD3DDAEA18EDD101004447E9 /* BeaconManager.m */; };
/* End PBXBuildFile section */

/* Begin PBXContainerItemProxy section */
		6556210118EDCB1A00479B20 /* PBXContainerItemProxy */ = {
			isa = PBXContainerItemProxy;
			containerPortal = 655620D918EDCB1A00479B20 /* Project object */;
			proxyType = 1;
			remoteGlobalIDString = 655620E018EDCB1A00479B20;
			remoteInfo = RoomPlaner;
		};
/* End PBXContainerItemProxy section */

/* Begin PBXFileReference section */
		4F7D94B818EDCE7100EB850E /* MainStoryboard.storyboard */ = {isa = PBXFileReference; fileEncoding = 4; lastKnownFileType = file.storyboard; path = MainStoryboard.storyboard; sourceTree = "<group>"; };
		4F7D94BA18EDD09C00EB850E /* RPRoomListTableViewController.h */ = {isa = PBXFileReference; fileEncoding = 4; lastKnownFileType = sourcecode.c.h; name = RPRoomListTableViewController.h; path = Controller/RPRoomListTableViewController.h; sourceTree = "<group>"; };
		4F7D94BB18EDD09C00EB850E /* RPRoomListTableViewController.m */ = {isa = PBXFileReference; fileEncoding = 4; lastKnownFileType = sourcecode.c.objc; name = RPRoomListTableViewController.m; path = Controller/RPRoomListTableViewController.m; sourceTree = "<group>"; };
		655620E118EDCB1A00479B20 /* RoomPlaner.app */ = {isa = PBXFileReference; explicitFileType = wrapper.application; includeInIndex = 0; path = RoomPlaner.app; sourceTree = BUILT_PRODUCTS_DIR; };
		655620E418EDCB1A00479B20 /* Foundation.framework */ = {isa = PBXFileReference; lastKnownFileType = wrapper.framework; name = Foundation.framework; path = System/Library/Frameworks/Foundation.framework; sourceTree = SDKROOT; };
		655620E618EDCB1A00479B20 /* CoreGraphics.framework */ = {isa = PBXFileReference; lastKnownFileType = wrapper.framework; name = CoreGraphics.framework; path = System/Library/Frameworks/CoreGraphics.framework; sourceTree = SDKROOT; };
		655620E818EDCB1A00479B20 /* UIKit.framework */ = {isa = PBXFileReference; lastKnownFileType = wrapper.framework; name = UIKit.framework; path = System/Library/Frameworks/UIKit.framework; sourceTree = SDKROOT; };
		655620EC18EDCB1A00479B20 /* RoomPlaner-Info.plist */ = {isa = PBXFileReference; lastKnownFileType = text.plist.xml; path = "RoomPlaner-Info.plist"; sourceTree = "<group>"; };
		655620EE18EDCB1A00479B20 /* en */ = {isa = PBXFileReference; lastKnownFileType = text.plist.strings; name = en; path = en.lproj/InfoPlist.strings; sourceTree = "<group>"; };
		655620F018EDCB1A00479B20 /* main.m */ = {isa = PBXFileReference; lastKnownFileType = sourcecode.c.objc; path = main.m; sourceTree = "<group>"; };
		655620F218EDCB1A00479B20 /* RoomPlaner-Prefix.pch */ = {isa = PBXFileReference; lastKnownFileType = sourcecode.c.h; path = "RoomPlaner-Prefix.pch"; sourceTree = "<group>"; };
		655620F318EDCB1A00479B20 /* AppDelegate.h */ = {isa = PBXFileReference; lastKnownFileType = sourcecode.c.h; path = AppDelegate.h; sourceTree = "<group>"; };
		655620F418EDCB1A00479B20 /* AppDelegate.m */ = {isa = PBXFileReference; lastKnownFileType = sourcecode.c.objc; path = AppDelegate.m; sourceTree = "<group>"; };
		655620F618EDCB1A00479B20 /* Images.xcassets */ = {isa = PBXFileReference; lastKnownFileType = folder.assetcatalog; path = Images.xcassets; sourceTree = "<group>"; };
		655620FC18EDCB1A00479B20 /* RoomPlanerTests.xctest */ = {isa = PBXFileReference; explicitFileType = wrapper.cfbundle; includeInIndex = 0; path = RoomPlanerTests.xctest; sourceTree = BUILT_PRODUCTS_DIR; };
		655620FD18EDCB1A00479B20 /* XCTest.framework */ = {isa = PBXFileReference; lastKnownFileType = wrapper.framework; name = XCTest.framework; path = Library/Frameworks/XCTest.framework; sourceTree = DEVELOPER_DIR; };
		6556210518EDCB1A00479B20 /* RoomPlanerTests-Info.plist */ = {isa = PBXFileReference; lastKnownFileType = text.plist.xml; path = "RoomPlanerTests-Info.plist"; sourceTree = "<group>"; };
		6556210718EDCB1A00479B20 /* en */ = {isa = PBXFileReference; lastKnownFileType = text.plist.strings; name = en; path = en.lproj/InfoPlist.strings; sourceTree = "<group>"; };
		6556210918EDCB1A00479B20 /* RoomPlanerTests.m */ = {isa = PBXFileReference; lastKnownFileType = sourcecode.c.objc; path = RoomPlanerTests.m; sourceTree = "<group>"; };
		6556211318EDCCA400479B20 /* Parse.framework */ = {isa = PBXFileReference; lastKnownFileType = wrapper.framework; path = Parse.framework; sourceTree = "<group>"; };
		6556211618EDCEFD00479B20 /* AudioToolbox.framework */ = {isa = PBXFileReference; lastKnownFileType = wrapper.framework; name = AudioToolbox.framework; path = System/Library/Frameworks/AudioToolbox.framework; sourceTree = SDKROOT; };
		6556211818EDCF0D00479B20 /* CFNetwork.framework */ = {isa = PBXFileReference; lastKnownFileType = wrapper.framework; name = CFNetwork.framework; path = System/Library/Frameworks/CFNetwork.framework; sourceTree = SDKROOT; };
		6556211A18EDCF1D00479B20 /* CoreLocation.framework */ = {isa = PBXFileReference; lastKnownFileType = wrapper.framework; name = CoreLocation.framework; path = System/Library/Frameworks/CoreLocation.framework; sourceTree = SDKROOT; };
		6556211C18EDCF2400479B20 /* libz.dylib */ = {isa = PBXFileReference; lastKnownFileType = "compiled.mach-o.dylib"; name = libz.dylib; path = usr/lib/libz.dylib; sourceTree = SDKROOT; };
		6556211E18EDCF2C00479B20 /* MobileCoreServices.framework */ = {isa = PBXFileReference; lastKnownFileType = wrapper.framework; name = MobileCoreServices.framework; path = System/Library/Frameworks/MobileCoreServices.framework; sourceTree = SDKROOT; };
		6556212018EDCF3200479B20 /* QuartzCore.framework */ = {isa = PBXFileReference; lastKnownFileType = wrapper.framework; name = QuartzCore.framework; path = System/Library/Frameworks/QuartzCore.framework; sourceTree = SDKROOT; };
		6556212218EDCF3C00479B20 /* Security.framework */ = {isa = PBXFileReference; lastKnownFileType = wrapper.framework; name = Security.framework; path = System/Library/Frameworks/Security.framework; sourceTree = SDKROOT; };
		6556212418EDCF4100479B20 /* StoreKit.framework */ = {isa = PBXFileReference; lastKnownFileType = wrapper.framework; name = StoreKit.framework; path = System/Library/Frameworks/StoreKit.framework; sourceTree = SDKROOT; };
		6556212618EDCF4900479B20 /* SystemConfiguration.framework */ = {isa = PBXFileReference; lastKnownFileType = wrapper.framework; name = SystemConfiguration.framework; path = System/Library/Frameworks/SystemConfiguration.framework; sourceTree = SDKROOT; };
		6556212818EDD05100479B20 /* Room.h */ = {isa = PBXFileReference; fileEncoding = 4; lastKnownFileType = sourcecode.c.h; path = Room.h; sourceTree = "<group>"; };
		6556212918EDD05100479B20 /* Room.m */ = {isa = PBXFileReference; fileEncoding = 4; lastKnownFileType = sourcecode.c.objc; path = Room.m; sourceTree = "<group>"; };
		65DC0FE618EDD4D2007A0972 /* RPAddRoomTableViewController.h */ = {isa = PBXFileReference; fileEncoding = 4; lastKnownFileType = sourcecode.c.h; name = RPAddRoomTableViewController.h; path = Controller/RPAddRoomTableViewController.h; sourceTree = "<group>"; };
		65DC0FE718EDD4D2007A0972 /* RPAddRoomTableViewController.m */ = {isa = PBXFileReference; fileEncoding = 4; lastKnownFileType = sourcecode.c.objc; name = RPAddRoomTableViewController.m; path = Controller/RPAddRoomTableViewController.m; sourceTree = "<group>"; };
		FD3DDAE918EDD101004447E9 /* BeaconManager.h */ = {isa = PBXFileReference; fileEncoding = 4; lastKnownFileType = sourcecode.c.h; name = BeaconManager.h; path = RoomPlaner/Models/BeaconManager.h; sourceTree = SOURCE_ROOT; };
		FD3DDAEA18EDD101004447E9 /* BeaconManager.m */ = {isa = PBXFileReference; fileEncoding = 4; lastKnownFileType = sourcecode.c.objc; name = BeaconManager.m; path = RoomPlaner/Models/BeaconManager.m; sourceTree = SOURCE_ROOT; };
/* End PBXFileReference section */

/* Begin PBXFrameworksBuildPhase section */
		655620DE18EDCB1A00479B20 /* Frameworks */ = {
			isa = PBXFrameworksBuildPhase;
			buildActionMask = 2147483647;
			files = (
				6556212718EDCF4900479B20 /* SystemConfiguration.framework in Frameworks */,
				6556212518EDCF4100479B20 /* StoreKit.framework in Frameworks */,
				6556212318EDCF3C00479B20 /* Security.framework in Frameworks */,
				6556212118EDCF3200479B20 /* QuartzCore.framework in Frameworks */,
				6556211F18EDCF2C00479B20 /* MobileCoreServices.framework in Frameworks */,
				6556211D18EDCF2400479B20 /* libz.dylib in Frameworks */,
				6556211B18EDCF1D00479B20 /* CoreLocation.framework in Frameworks */,
				655620E718EDCB1A00479B20 /* CoreGraphics.framework in Frameworks */,
				6556211918EDCF0D00479B20 /* CFNetwork.framework in Frameworks */,
				6556211718EDCEFD00479B20 /* AudioToolbox.framework in Frameworks */,
				655620E918EDCB1A00479B20 /* UIKit.framework in Frameworks */,
				6556211418EDCCA400479B20 /* Parse.framework in Frameworks */,
				655620E518EDCB1A00479B20 /* Foundation.framework in Frameworks */,
			);
			runOnlyForDeploymentPostprocessing = 0;
		};
		655620F918EDCB1A00479B20 /* Frameworks */ = {
			isa = PBXFrameworksBuildPhase;
			buildActionMask = 2147483647;
			files = (
				655620FE18EDCB1A00479B20 /* XCTest.framework in Frameworks */,
				6556210018EDCB1A00479B20 /* UIKit.framework in Frameworks */,
				655620FF18EDCB1A00479B20 /* Foundation.framework in Frameworks */,
			);
			runOnlyForDeploymentPostprocessing = 0;
		};
/* End PBXFrameworksBuildPhase section */

/* Begin PBXGroup section */
		4F7D94BD18EDD0A100EB850E /* Controller */ = {
			isa = PBXGroup;
			children = (
				4F7D94BA18EDD09C00EB850E /* RPRoomListTableViewController.h */,
				4F7D94BB18EDD09C00EB850E /* RPRoomListTableViewController.m */,
				65DC0FE618EDD4D2007A0972 /* RPAddRoomTableViewController.h */,
				65DC0FE718EDD4D2007A0972 /* RPAddRoomTableViewController.m */,
			);
			name = Controller;
			sourceTree = "<group>";
		};
		655620D818EDCB1A00479B20 = {
			isa = PBXGroup;
			children = (
				655620EA18EDCB1A00479B20 /* RoomPlaner */,
				6556210318EDCB1A00479B20 /* RoomPlanerTests */,
				655620E318EDCB1A00479B20 /* Frameworks */,
				655620E218EDCB1A00479B20 /* Products */,
			);
			sourceTree = "<group>";
		};
		655620E218EDCB1A00479B20 /* Products */ = {
			isa = PBXGroup;
			children = (
				655620E118EDCB1A00479B20 /* RoomPlaner.app */,
				655620FC18EDCB1A00479B20 /* RoomPlanerTests.xctest */,
			);
			name = Products;
			sourceTree = "<group>";
		};
		655620E318EDCB1A00479B20 /* Frameworks */ = {
			isa = PBXGroup;
			children = (
				6556212618EDCF4900479B20 /* SystemConfiguration.framework */,
				6556212418EDCF4100479B20 /* StoreKit.framework */,
				6556212218EDCF3C00479B20 /* Security.framework */,
				6556212018EDCF3200479B20 /* QuartzCore.framework */,
				6556211E18EDCF2C00479B20 /* MobileCoreServices.framework */,
				6556211C18EDCF2400479B20 /* libz.dylib */,
				6556211A18EDCF1D00479B20 /* CoreLocation.framework */,
				6556211818EDCF0D00479B20 /* CFNetwork.framework */,
				6556211618EDCEFD00479B20 /* AudioToolbox.framework */,
				6556211318EDCCA400479B20 /* Parse.framework */,
				655620E418EDCB1A00479B20 /* Foundation.framework */,
				655620E618EDCB1A00479B20 /* CoreGraphics.framework */,
				655620E818EDCB1A00479B20 /* UIKit.framework */,
				655620FD18EDCB1A00479B20 /* XCTest.framework */,
			);
			name = Frameworks;
			sourceTree = "<group>";
		};
		655620EA18EDCB1A00479B20 /* RoomPlaner */ = {
			isa = PBXGroup;
			children = (
				6556211518EDCEA900479B20 /* Model */,
				655620F318EDCB1A00479B20 /* AppDelegate.h */,
				655620F418EDCB1A00479B20 /* AppDelegate.m */,
				655620F618EDCB1A00479B20 /* Images.xcassets */,
				655620EB18EDCB1A00479B20 /* Supporting Files */,
				4F7D94B818EDCE7100EB850E /* MainStoryboard.storyboard */,
				4F7D94BD18EDD0A100EB850E /* Controller */,
			);
			path = RoomPlaner;
			sourceTree = "<group>";
		};
		655620EB18EDCB1A00479B20 /* Supporting Files */ = {
			isa = PBXGroup;
			children = (
				655620EC18EDCB1A00479B20 /* RoomPlaner-Info.plist */,
				655620ED18EDCB1A00479B20 /* InfoPlist.strings */,
				655620F018EDCB1A00479B20 /* main.m */,
				655620F218EDCB1A00479B20 /* RoomPlaner-Prefix.pch */,
			);
			name = "Supporting Files";
			sourceTree = "<group>";
		};
		6556210318EDCB1A00479B20 /* RoomPlanerTests */ = {
			isa = PBXGroup;
			children = (
				6556210918EDCB1A00479B20 /* RoomPlanerTests.m */,
				6556210418EDCB1A00479B20 /* Supporting Files */,
			);
			path = RoomPlanerTests;
			sourceTree = "<group>";
		};
		6556210418EDCB1A00479B20 /* Supporting Files */ = {
			isa = PBXGroup;
			children = (
				6556210518EDCB1A00479B20 /* RoomPlanerTests-Info.plist */,
				6556210618EDCB1A00479B20 /* InfoPlist.strings */,
			);
			name = "Supporting Files";
			sourceTree = "<group>";
		};
		6556211518EDCEA900479B20 /* Model */ = {
			isa = PBXGroup;
			children = (
				FD3DDAE918EDD101004447E9 /* BeaconManager.h */,
				FD3DDAEA18EDD101004447E9 /* BeaconManager.m */,
				6556212818EDD05100479B20 /* Room.h */,
				6556212918EDD05100479B20 /* Room.m */,
			);
			path = Model;
			sourceTree = "<group>";
		};
/* End PBXGroup section */

/* Begin PBXNativeTarget section */
		655620E018EDCB1A00479B20 /* RoomPlaner */ = {
			isa = PBXNativeTarget;
			buildConfigurationList = 6556210D18EDCB1A00479B20 /* Build configuration list for PBXNativeTarget "RoomPlaner" */;
			buildPhases = (
				655620DD18EDCB1A00479B20 /* Sources */,
				655620DE18EDCB1A00479B20 /* Frameworks */,
				655620DF18EDCB1A00479B20 /* Resources */,
			);
			buildRules = (
			);
			dependencies = (
			);
			name = RoomPlaner;
			productName = RoomPlaner;
			productReference = 655620E118EDCB1A00479B20 /* RoomPlaner.app */;
			productType = "com.apple.product-type.application";
		};
		655620FB18EDCB1A00479B20 /* RoomPlanerTests */ = {
			isa = PBXNativeTarget;
			buildConfigurationList = 6556211018EDCB1A00479B20 /* Build configuration list for PBXNativeTarget "RoomPlanerTests" */;
			buildPhases = (
				655620F818EDCB1A00479B20 /* Sources */,
				655620F918EDCB1A00479B20 /* Frameworks */,
				655620FA18EDCB1A00479B20 /* Resources */,
			);
			buildRules = (
			);
			dependencies = (
				6556210218EDCB1A00479B20 /* PBXTargetDependency */,
			);
			name = RoomPlanerTests;
			productName = RoomPlanerTests;
			productReference = 655620FC18EDCB1A00479B20 /* RoomPlanerTests.xctest */;
			productType = "com.apple.product-type.bundle.unit-test";
		};
/* End PBXNativeTarget section */

/* Begin PBXProject section */
		655620D918EDCB1A00479B20 /* Project object */ = {
			isa = PBXProject;
			attributes = {
				LastUpgradeCheck = 0510;
				ORGANIZATIONNAME = Hackathon;
				TargetAttributes = {
					655620FB18EDCB1A00479B20 = {
						TestTargetID = 655620E018EDCB1A00479B20;
					};
				};
			};
			buildConfigurationList = 655620DC18EDCB1A00479B20 /* Build configuration list for PBXProject "RoomPlaner" */;
			compatibilityVersion = "Xcode 3.2";
			developmentRegion = English;
			hasScannedForEncodings = 0;
			knownRegions = (
				en,
			);
			mainGroup = 655620D818EDCB1A00479B20;
			productRefGroup = 655620E218EDCB1A00479B20 /* Products */;
			projectDirPath = "";
			projectRoot = "";
			targets = (
				655620E018EDCB1A00479B20 /* RoomPlaner */,
				655620FB18EDCB1A00479B20 /* RoomPlanerTests */,
			);
		};
/* End PBXProject section */

/* Begin PBXResourcesBuildPhase section */
		655620DF18EDCB1A00479B20 /* Resources */ = {
			isa = PBXResourcesBuildPhase;
			buildActionMask = 2147483647;
			files = (
				4F7D94B918EDCE7100EB850E /* MainStoryboard.storyboard in Resources */,
				655620EF18EDCB1A00479B20 /* InfoPlist.strings in Resources */,
				655620F718EDCB1A00479B20 /* Images.xcassets in Resources */,
			);
			runOnlyForDeploymentPostprocessing = 0;
		};
		655620FA18EDCB1A00479B20 /* Resources */ = {
			isa = PBXResourcesBuildPhase;
			buildActionMask = 2147483647;
			files = (
				6556210818EDCB1A00479B20 /* InfoPlist.strings in Resources */,
			);
			runOnlyForDeploymentPostprocessing = 0;
		};
/* End PBXResourcesBuildPhase section */

/* Begin PBXSourcesBuildPhase section */
		655620DD18EDCB1A00479B20 /* Sources */ = {
			isa = PBXSourcesBuildPhase;
			buildActionMask = 2147483647;
			files = (
				FD3DDAEB18EDD101004447E9 /* BeaconManager.m in Sources */,
				6556212A18EDD05100479B20 /* Room.m in Sources */,
				655620F518EDCB1A00479B20 /* AppDelegate.m in Sources */,
				655620F118EDCB1A00479B20 /* main.m in Sources */,
				65DC0FE818EDD4D2007A0972 /* RPAddRoomTableViewController.m in Sources */,
				4F7D94BC18EDD09C00EB850E /* RPRoomListTableViewController.m in Sources */,
			);
			runOnlyForDeploymentPostprocessing = 0;
		};
		655620F818EDCB1A00479B20 /* Sources */ = {
			isa = PBXSourcesBuildPhase;
			buildActionMask = 2147483647;
			files = (
				6556210A18EDCB1A00479B20 /* RoomPlanerTests.m in Sources */,
			);
			runOnlyForDeploymentPostprocessing = 0;
		};
/* End PBXSourcesBuildPhase section */

/* Begin PBXTargetDependency section */
		6556210218EDCB1A00479B20 /* PBXTargetDependency */ = {
			isa = PBXTargetDependency;
			target = 655620E018EDCB1A00479B20 /* RoomPlaner */;
			targetProxy = 6556210118EDCB1A00479B20 /* PBXContainerItemProxy */;
		};
/* End PBXTargetDependency section */

/* Begin PBXVariantGroup section */
		655620ED18EDCB1A00479B20 /* InfoPlist.strings */ = {
			isa = PBXVariantGroup;
			children = (
				655620EE18EDCB1A00479B20 /* en */,
			);
			name = InfoPlist.strings;
			sourceTree = "<group>";
		};
		6556210618EDCB1A00479B20 /* InfoPlist.strings */ = {
			isa = PBXVariantGroup;
			children = (
				6556210718EDCB1A00479B20 /* en */,
			);
			name = InfoPlist.strings;
			sourceTree = "<group>";
		};
/* End PBXVariantGroup section */

/* Begin XCBuildConfiguration section */
		6556210B18EDCB1A00479B20 /* Debug */ = {
			isa = XCBuildConfiguration;
			buildSettings = {
				ALWAYS_SEARCH_USER_PATHS = NO;
				CLANG_CXX_LANGUAGE_STANDARD = "gnu++0x";
				CLANG_CXX_LIBRARY = "libc++";
				CLANG_ENABLE_MODULES = YES;
				CLANG_ENABLE_OBJC_ARC = YES;
				CLANG_WARN_BOOL_CONVERSION = YES;
				CLANG_WARN_CONSTANT_CONVERSION = YES;
				CLANG_WARN_DIRECT_OBJC_ISA_USAGE = YES_ERROR;
				CLANG_WARN_EMPTY_BODY = YES;
				CLANG_WARN_ENUM_CONVERSION = YES;
				CLANG_WARN_INT_CONVERSION = YES;
				CLANG_WARN_OBJC_ROOT_CLASS = YES_ERROR;
				CLANG_WARN__DUPLICATE_METHOD_MATCH = YES;
				"CODE_SIGN_IDENTITY[sdk=iphoneos*]" = "iPhone Developer";
				COPY_PHASE_STRIP = NO;
				GCC_C_LANGUAGE_STANDARD = gnu99;
				GCC_DYNAMIC_NO_PIC = NO;
				GCC_OPTIMIZATION_LEVEL = 0;
				GCC_PREPROCESSOR_DEFINITIONS = (
					"DEBUG=1",
					"$(inherited)",
				);
				GCC_SYMBOLS_PRIVATE_EXTERN = NO;
				GCC_WARN_64_TO_32_BIT_CONVERSION = YES;
				GCC_WARN_ABOUT_RETURN_TYPE = YES_ERROR;
				GCC_WARN_UNDECLARED_SELECTOR = YES;
				GCC_WARN_UNINITIALIZED_AUTOS = YES_AGGRESSIVE;
				GCC_WARN_UNUSED_FUNCTION = YES;
				GCC_WARN_UNUSED_VARIABLE = YES;
				IPHONEOS_DEPLOYMENT_TARGET = 7.1;
				ONLY_ACTIVE_ARCH = YES;
				SDKROOT = iphoneos;
			};
			name = Debug;
		};
		6556210C18EDCB1A00479B20 /* Release */ = {
			isa = XCBuildConfiguration;
			buildSettings = {
				ALWAYS_SEARCH_USER_PATHS = NO;
				CLANG_CXX_LANGUAGE_STANDARD = "gnu++0x";
				CLANG_CXX_LIBRARY = "libc++";
				CLANG_ENABLE_MODULES = YES;
				CLANG_ENABLE_OBJC_ARC = YES;
				CLANG_WARN_BOOL_CONVERSION = YES;
				CLANG_WARN_CONSTANT_CONVERSION = YES;
				CLANG_WARN_DIRECT_OBJC_ISA_USAGE = YES_ERROR;
				CLANG_WARN_EMPTY_BODY = YES;
				CLANG_WARN_ENUM_CONVERSION = YES;
				CLANG_WARN_INT_CONVERSION = YES;
				CLANG_WARN_OBJC_ROOT_CLASS = YES_ERROR;
				CLANG_WARN__DUPLICATE_METHOD_MATCH = YES;
				"CODE_SIGN_IDENTITY[sdk=iphoneos*]" = "iPhone Developer";
				COPY_PHASE_STRIP = YES;
				ENABLE_NS_ASSERTIONS = NO;
				GCC_C_LANGUAGE_STANDARD = gnu99;
				GCC_WARN_64_TO_32_BIT_CONVERSION = YES;
				GCC_WARN_ABOUT_RETURN_TYPE = YES_ERROR;
				GCC_WARN_UNDECLARED_SELECTOR = YES;
				GCC_WARN_UNINITIALIZED_AUTOS = YES_AGGRESSIVE;
				GCC_WARN_UNUSED_FUNCTION = YES;
				GCC_WARN_UNUSED_VARIABLE = YES;
				IPHONEOS_DEPLOYMENT_TARGET = 7.1;
				SDKROOT = iphoneos;
				VALIDATE_PRODUCT = YES;
			};
			name = Release;
		};
		6556210E18EDCB1A00479B20 /* Debug */ = {
			isa = XCBuildConfiguration;
			buildSettings = {
				ASSETCATALOG_COMPILER_APPICON_NAME = AppIcon;
				ASSETCATALOG_COMPILER_LAUNCHIMAGE_NAME = LaunchImage;
				FRAMEWORK_SEARCH_PATHS = (
					"$(inherited)",
					"$(PROJECT_DIR)",
				);
				GCC_PRECOMPILE_PREFIX_HEADER = YES;
				GCC_PREFIX_HEADER = "RoomPlaner/RoomPlaner-Prefix.pch";
				INFOPLIST_FILE = "RoomPlaner/RoomPlaner-Info.plist";
				PRODUCT_NAME = "$(TARGET_NAME)";
				WRAPPER_EXTENSION = app;
			};
			name = Debug;
		};
		6556210F18EDCB1A00479B20 /* Release */ = {
			isa = XCBuildConfiguration;
			buildSettings = {
				ASSETCATALOG_COMPILER_APPICON_NAME = AppIcon;
				ASSETCATALOG_COMPILER_LAUNCHIMAGE_NAME = LaunchImage;
				FRAMEWORK_SEARCH_PATHS = (
					"$(inherited)",
					"$(PROJECT_DIR)",
				);
				GCC_PRECOMPILE_PREFIX_HEADER = YES;
				GCC_PREFIX_HEADER = "RoomPlaner/RoomPlaner-Prefix.pch";
				INFOPLIST_FILE = "RoomPlaner/RoomPlaner-Info.plist";
				PRODUCT_NAME = "$(TARGET_NAME)";
				WRAPPER_EXTENSION = app;
			};
			name = Release;
		};
		6556211118EDCB1A00479B20 /* Debug */ = {
			isa = XCBuildConfiguration;
			buildSettings = {
				BUNDLE_LOADER = "$(BUILT_PRODUCTS_DIR)/RoomPlaner.app/RoomPlaner";
				FRAMEWORK_SEARCH_PATHS = (
					"$(SDKROOT)/Developer/Library/Frameworks",
					"$(inherited)",
					"$(DEVELOPER_FRAMEWORKS_DIR)",
				);
				GCC_PRECOMPILE_PREFIX_HEADER = YES;
				GCC_PREFIX_HEADER = "RoomPlaner/RoomPlaner-Prefix.pch";
				GCC_PREPROCESSOR_DEFINITIONS = (
					"DEBUG=1",
					"$(inherited)",
				);
				INFOPLIST_FILE = "RoomPlanerTests/RoomPlanerTests-Info.plist";
				PRODUCT_NAME = "$(TARGET_NAME)";
				TEST_HOST = "$(BUNDLE_LOADER)";
				WRAPPER_EXTENSION = xctest;
			};
			name = Debug;
		};
		6556211218EDCB1A00479B20 /* Release */ = {
			isa = XCBuildConfiguration;
			buildSettings = {
				BUNDLE_LOADER = "$(BUILT_PRODUCTS_DIR)/RoomPlaner.app/RoomPlaner";
				FRAMEWORK_SEARCH_PATHS = (
					"$(SDKROOT)/Developer/Library/Frameworks",
					"$(inherited)",
					"$(DEVELOPER_FRAMEWORKS_DIR)",
				);
				GCC_PRECOMPILE_PREFIX_HEADER = YES;
				GCC_PREFIX_HEADER = "RoomPlaner/RoomPlaner-Prefix.pch";
				INFOPLIST_FILE = "RoomPlanerTests/RoomPlanerTests-Info.plist";
				PRODUCT_NAME = "$(TARGET_NAME)";
				TEST_HOST = "$(BUNDLE_LOADER)";
				WRAPPER_EXTENSION = xctest;
			};
			name = Release;
		};
/* End XCBuildConfiguration section */

/* Begin XCConfigurationList section */
		655620DC18EDCB1A00479B20 /* Build configuration list for PBXProject "RoomPlaner" */ = {
			isa = XCConfigurationList;
			buildConfigurations = (
				6556210B18EDCB1A00479B20 /* Debug */,
				6556210C18EDCB1A00479B20 /* Release */,
			);
			defaultConfigurationIsVisible = 0;
			defaultConfigurationName = Release;
		};
		6556210D18EDCB1A00479B20 /* Build configuration list for PBXNativeTarget "RoomPlaner" */ = {
			isa = XCConfigurationList;
			buildConfigurations = (
				6556210E18EDCB1A00479B20 /* Debug */,
				6556210F18EDCB1A00479B20 /* Release */,
			);
			defaultConfigurationIsVisible = 0;
			defaultConfigurationName = Release;
		};
		6556211018EDCB1A00479B20 /* Build configuration list for PBXNativeTarget "RoomPlanerTests" */ = {
			isa = XCConfigurationList;
			buildConfigurations = (
				6556211118EDCB1A00479B20 /* Debug */,
				6556211218EDCB1A00479B20 /* Release */,
			);
			defaultConfigurationIsVisible = 0;
			defaultConfigurationName = Release;
		};
/* End XCConfigurationList section */
	};
	rootObject = 655620D918EDCB1A00479B20 /* Project object */;
}
